Microsoft Visual Studio Solution File, Format Version 11.00
# Visual Studio 2008

Project("{0F6002F1-D88C-4EF9-0E50-B136AFA22DB6}") = "gg17", "Assembly-CSharp-firstpass.csproj", "{75FB51CF-A2F8-8B3B-B207-38C575CD704F}"
EndProject
Project("{0F6002F1-D88C-4EF9-0E50-B136AFA22DB6}") = "gg17", "Assembly-CSharp.csproj", "{51A268AC-D54F-1031-CBE8-C0837CDA4CD4}"
EndProject
Project("{0F6002F1-D88C-4EF9-0E50-B136AFA22DB6}") = "gg17", "Assembly-CSharp-Editor-firstpass.csproj", "{B937F516-9EA4-77BA-A58C-060D9125C10E}"
EndProject
Project("{0F6002F1-D88C-4EF9-0E50-B136AFA22DB6}") = "gg17", "Assembly-CSharp-Editor.csproj", "{665A13F5-E9E5-5A01-DB4B-686B7AC097E2}"
EndProject
Project("{0F6002F1-D88C-4EF9-0E50-B136AFA22DB6}") = "gg17", "Assembly-UnityScript-firstpass.unityproj", "{3455BEC1-14F4-553F-BB89-7C34E699E280}"
EndProject
Global
	GlobalSection(SolutionConfigurationPlatforms) = preSolution
		Debug|Any CPU = Debug|Any CPU
		Release|Any CPU = Release|Any CPU
	EndGlobalSection
	GlobalSection(ProjectConfigurationPlatforms) = postSolution
		{75FB51CF-A2F8-8B3B-B207-38C575CD704F}.Debug|Any CPU.ActiveCfg = Debug|Any CPU
		{75FB51CF-A2F8-8B3B-B207-38C575CD704F}.Debug|Any CPU.Build.0 = Debug|Any CPU
		{75FB51CF-A2F8-8B3B-B207-38C575CD704F}.Release|Any CPU.ActiveCfg = Release|Any CPU
		{75FB51CF-A2F8-8B3B-B207-38C575CD704F}.Release|Any CPU.Build.0 = Release|Any CPU
		{51A268AC-D54F-1031-CBE8-C0837CDA4CD4}.Debug|Any CPU.ActiveCfg = Debug|Any CPU
		{51A268AC-D54F-1031-CBE8-C0837CDA4CD4}.Debug|Any CPU.Build.0 = Debug|Any CPU
		{51A268AC-D54F-1031-CBE8-C0837CDA4CD4}.Release|Any CPU.ActiveCfg = Release|Any CPU
		{51A268AC-D54F-1031-CBE8-C0837CDA4CD4}.Release|Any CPU.Build.0 = Release|Any CPU
		{B937F516-9EA4-77BA-A58C-060D9125C10E}.Debug|Any CPU.ActiveCfg = Debug|Any CPU
		{B937F516-9EA4-77BA-A58C-060D9125C10E}.Debug|Any CPU.Build.0 = Debug|Any CPU
		{B937F516-9EA4-77BA-A58C-060D9125C10E}.Release|Any CPU.ActiveCfg = Release|Any CPU
		{B937F516-9EA4-77BA-A58C-060D9125C10E}.Release|Any CPU.Build.0 = Release|Any CPU
		{665A13F5-E9E5-5A01-DB4B-686B7AC097E2}.Debug|Any CPU.ActiveCfg = Debug|Any CPU
		{665A13F5-E9E5-5A01-DB4B-686B7AC097E2}.Debug|Any CPU.Build.0 = Debug|Any CPU
		{665A13F5-E9E5-5A01-DB4B-686B7AC097E2}.Release|Any CPU.ActiveCfg = Release|Any CPU
		{665A13F5-E9E5-5A01-DB4B-686B7AC097E2}.Release|Any CPU.Build.0 = Release|Any CPU
		{3455BEC1-14F4-553F-BB89-7C34E699E280}.Debug|Any CPU.ActiveCfg = Debug|Any CPU
		{3455BEC1-14F4-553F-BB89-7C34E699E280}.Debug|Any CPU.Build.0 = Debug|Any CPU
		{3455BEC1-14F4-553F-BB89-7C34E699E280}.Release|Any CPU.ActiveCfg = Release|Any CPU
		{3455BEC1-14F4-553F-BB89-7C34E699E280}.Release|Any CPU.Build.0 = Release|Any CPU
	EndGlobalSection
	GlobalSection(SolutionProperties) = preSolution
		HideSolutionNode = FALSE
	EndGlobalSection
	GlobalSection(MonoDevelopProperties) = preSolution
		StartupItem = Assembly-CSharp.csproj
	EndGlobalSection
EndGlobal
